
Microsoft Visual Studio Solution File, Format Version 12.00
# Visual Studio 15
VisualStudioVersion = 15.0.27428.1
MinimumVisualStudioVersion = 10.0.40219.1
Project("{FAE04EC0-301F-11D3-BF4B-00C04F79EFBC}") = "kiyoskWall", "kiyoskWall\kiyoskWall.csproj", "{AD7D8AC6-E8FA-489F-9C09-E66B915B4EE1}"
EndProject
Global
	GlobalSection(SolutionConfigurationPlatforms) = preSolution
		Debug|Any CPU = Debug|Any CPU
		Release|Any CPU = Release|Any CPU
	EndGlobalSection
	GlobalSection(ProjectConfigurationPlatforms) = postSolution
		{AD7D8AC6-E8FA-489F-9C09-E66B915B4EE1}.Debug|Any CPU.ActiveCfg = Debug|Any CPU
		{AD7D8AC6-E8FA-489F-9C09-E66B915B4EE1}.Debug|Any CPU.Build.0 = Debug|Any CPU
		{AD7D8AC6-E8FA-489F-9C09-E66B915B4EE1}.Release|Any CPU.ActiveCfg = Release|Any CPU
		{AD7D8AC6-E8FA-489F-9C09-E66B915B4EE1}.Release|Any CPU.Build.0 = Release|Any CPU
	EndGlobalSection
	GlobalSection(SolutionProperties) = preSolution
		HideSolutionNode = FALSE
	EndGlobalSection
	GlobalSection(ExtensibilityGlobals) = postSolution
		SolutionGuid = {08C453F1-09DC-4ED8-9F7C-8769134036EE}
	EndGlobalSection
EndGlobal
